
Microsoft Visual Studio Solution File, Format Version 12.00
# Visual Studio Version 17
VisualStudioVersion = 17.11.35303.130
MinimumVisualStudioVersion = 10.0.40219.1
Project("{FAE04EC0-301F-11D3-BF4B-00C04F79EFBC}") = "Entidades", "Entidades\Entidades.csproj", "{2AB7607F-6A3B-484E-B6DE-1C60647CBE56}"
EndProject
Project("{FAE04EC0-301F-11D3-BF4B-00C04F79EFBC}") = "AccesoDatos", "AccesoDatos\AccesoDatos.csproj", "{0824F747-F6D2-402A-989D-B24F0B6A6A1E}"
EndProject
Project("{FAE04EC0-301F-11D3-BF4B-00C04F79EFBC}") = "Presentacion", "Presentacion\Presentacion.csproj", "{9F39C9CB-F50E-44EA-A7CE-0E626EFCDDD2}"
EndProject
Project("{FAE04EC0-301F-11D3-BF4B-00C04F79EFBC}") = "Negocio", "Negocio\Negocio.csproj", "{F6C73B8A-B956-46F1-A2D3-3B9E1799D664}"
EndProject
Project("{FAE04EC0-301F-11D3-BF4B-00C04F79EFBC}") = "Utilitarios", "Utilitarios\Utilitarios.csproj", "{A2A5EA2D-3B26-49F6-A911-12A9BA6E4BB7}"
EndProject
Global
	GlobalSection(SolutionConfigurationPlatforms) = preSolution
		Debug|Any CPU = Debug|Any CPU
		Release|Any CPU = Release|Any CPU
	EndGlobalSection
	GlobalSection(ProjectConfigurationPlatforms) = postSolution
		{2AB7607F-6A3B-484E-B6DE-1C60647CBE56}.Debug|Any CPU.ActiveCfg = Debug|Any CPU
		{2AB7607F-6A3B-484E-B6DE-1C60647CBE56}.Debug|Any CPU.Build.0 = Debug|Any CPU
		{2AB7607F-6A3B-484E-B6DE-1C60647CBE56}.Release|Any CPU.ActiveCfg = Release|Any CPU
		{2AB7607F-6A3B-484E-B6DE-1C60647CBE56}.Release|Any CPU.Build.0 = Release|Any CPU
		{0824F747-F6D2-402A-989D-B24F0B6A6A1E}.Debug|Any CPU.ActiveCfg = Debug|Any CPU
		{0824F747-F6D2-402A-989D-B24F0B6A6A1E}.Debug|Any CPU.Build.0 = Debug|Any CPU
		{0824F747-F6D2-402A-989D-B24F0B6A6A1E}.Release|Any CPU.ActiveCfg = Release|Any CPU
		{0824F747-F6D2-402A-989D-B24F0B6A6A1E}.Release|Any CPU.Build.0 = Release|Any CPU
		{9F39C9CB-F50E-44EA-A7CE-0E626EFCDDD2}.Debug|Any CPU.ActiveCfg = Debug|Any CPU
		{9F39C9CB-F50E-44EA-A7CE-0E626EFCDDD2}.Debug|Any CPU.Build.0 = Debug|Any CPU
		{9F39C9CB-F50E-44EA-A7CE-0E626EFCDDD2}.Release|Any CPU.ActiveCfg = Release|Any CPU
		{9F39C9CB-F50E-44EA-A7CE-0E626EFCDDD2}.Release|Any CPU.Build.0 = Release|Any CPU
		{F6C73B8A-B956-46F1-A2D3-3B9E1799D664}.Debug|Any CPU.ActiveCfg = Debug|Any CPU
		{F6C73B8A-B956-46F1-A2D3-3B9E1799D664}.Debug|Any CPU.Build.0 = Debug|Any CPU
		{F6C73B8A-B956-46F1-A2D3-3B9E1799D664}.Release|Any CPU.ActiveCfg = Release|Any CPU
		{F6C73B8A-B956-46F1-A2D3-3B9E1799D664}.Release|Any CPU.Build.0 = Release|Any CPU
		{A2A5EA2D-3B26-49F6-A911-12A9BA6E4BB7}.Debug|Any CPU.ActiveCfg = Debug|Any CPU
		{A2A5EA2D-3B26-49F6-A911-12A9BA6E4BB7}.Debug|Any CPU.Build.0 = Debug|Any CPU
		{A2A5EA2D-3B26-49F6-A911-12A9BA6E4BB7}.Release|Any CPU.ActiveCfg = Release|Any CPU
		{A2A5EA2D-3B26-49F6-A911-12A9BA6E4BB7}.Release|Any CPU.Build.0 = Release|Any CPU
	EndGlobalSection
	GlobalSection(SolutionProperties) = preSolution
		HideSolutionNode = FALSE
	EndGlobalSection
	GlobalSection(ExtensibilityGlobals) = postSolution
		SolutionGuid = {CB76B71E-B695-40A1-8FC5-1BD4E297BDF5}
	EndGlobalSection
EndGlobal
